
Microsoft Visual Studio Solution File, Format Version 12.00
# Visual Studio 15
VisualStudioVersion = 15.0.26124.0
MinimumVisualStudioVersion = 15.0.26124.0
Project("{FAE04EC0-301F-11D3-BF4B-00C04F79EFBC}") = "AuthTest", "AuthTest\AuthTest.csproj", "{71AEEB62-2D12-440D-A1CF-56D3AF59EA93}"
EndProject
Project("{FAE04EC0-301F-11D3-BF4B-00C04F79EFBC}") = "GoogleAuth", "GoogleAuth\GoogleAuth.csproj", "{86E2AA77-878B-415F-808A-D6603A93383D}"
EndProject
Project("{FAE04EC0-301F-11D3-BF4B-00C04F79EFBC}") = "AuthLib", "AuthLib\AuthLib.csproj", "{B3554B21-4AD6-4FAB-A818-553DF7161825}"
EndProject
Global
	GlobalSection(SolutionConfigurationPlatforms) = preSolution
		Debug|Any CPU = Debug|Any CPU
		Debug|x64 = Debug|x64
		Debug|x86 = Debug|x86
		Release|Any CPU = Release|Any CPU
		Release|x64 = Release|x64
		Release|x86 = Release|x86
	EndGlobalSection
	GlobalSection(SolutionProperties) = preSolution
		HideSolutionNode = FALSE
	EndGlobalSection
	GlobalSection(ProjectConfigurationPlatforms) = postSolution
		{71AEEB62-2D12-440D-A1CF-56D3AF59EA93}.Debug|Any CPU.ActiveCfg = Debug|Any CPU
		{71AEEB62-2D12-440D-A1CF-56D3AF59EA93}.Debug|Any CPU.Build.0 = Debug|Any CPU
		{71AEEB62-2D12-440D-A1CF-56D3AF59EA93}.Debug|x64.ActiveCfg = Debug|Any CPU
		{71AEEB62-2D12-440D-A1CF-56D3AF59EA93}.Debug|x64.Build.0 = Debug|Any CPU
		{71AEEB62-2D12-440D-A1CF-56D3AF59EA93}.Debug|x86.ActiveCfg = Debug|Any CPU
		{71AEEB62-2D12-440D-A1CF-56D3AF59EA93}.Debug|x86.Build.0 = Debug|Any CPU
		{71AEEB62-2D12-440D-A1CF-56D3AF59EA93}.Release|Any CPU.ActiveCfg = Release|Any CPU
		{71AEEB62-2D12-440D-A1CF-56D3AF59EA93}.Release|Any CPU.Build.0 = Release|Any CPU
		{71AEEB62-2D12-440D-A1CF-56D3AF59EA93}.Release|x64.ActiveCfg = Release|Any CPU
		{71AEEB62-2D12-440D-A1CF-56D3AF59EA93}.Release|x64.Build.0 = Release|Any CPU
		{71AEEB62-2D12-440D-A1CF-56D3AF59EA93}.Release|x86.ActiveCfg = Release|Any CPU
		{71AEEB62-2D12-440D-A1CF-56D3AF59EA93}.Release|x86.Build.0 = Release|Any CPU
		{279B033D-9B17-445D-BACF-714337524FEB}.Debug|Any CPU.ActiveCfg = Debug|Any CPU
		{279B033D-9B17-445D-BACF-714337524FEB}.Debug|Any CPU.Build.0 = Debug|Any CPU
		{279B033D-9B17-445D-BACF-714337524FEB}.Debug|x64.ActiveCfg = Debug|Any CPU
		{279B033D-9B17-445D-BACF-714337524FEB}.Debug|x64.Build.0 = Debug|Any CPU
		{279B033D-9B17-445D-BACF-714337524FEB}.Debug|x86.ActiveCfg = Debug|Any CPU
		{279B033D-9B17-445D-BACF-714337524FEB}.Debug|x86.Build.0 = Debug|Any CPU
		{279B033D-9B17-445D-BACF-714337524FEB}.Release|Any CPU.ActiveCfg = Release|Any CPU
		{279B033D-9B17-445D-BACF-714337524FEB}.Release|Any CPU.Build.0 = Release|Any CPU
		{279B033D-9B17-445D-BACF-714337524FEB}.Release|x64.ActiveCfg = Release|Any CPU
		{279B033D-9B17-445D-BACF-714337524FEB}.Release|x64.Build.0 = Release|Any CPU
		{279B033D-9B17-445D-BACF-714337524FEB}.Release|x86.ActiveCfg = Release|Any CPU
		{279B033D-9B17-445D-BACF-714337524FEB}.Release|x86.Build.0 = Release|Any CPU
		{E7D4133E-6D1E-4984-80FC-2065B8411598}.Debug|Any CPU.ActiveCfg = Debug|Any CPU
		{E7D4133E-6D1E-4984-80FC-2065B8411598}.Debug|Any CPU.Build.0 = Debug|Any CPU
		{E7D4133E-6D1E-4984-80FC-2065B8411598}.Debug|x64.ActiveCfg = Debug|Any CPU
		{E7D4133E-6D1E-4984-80FC-2065B8411598}.Debug|x64.Build.0 = Debug|Any CPU
		{E7D4133E-6D1E-4984-80FC-2065B8411598}.Debug|x86.ActiveCfg = Debug|Any CPU
		{E7D4133E-6D1E-4984-80FC-2065B8411598}.Debug|x86.Build.0 = Debug|Any CPU
		{E7D4133E-6D1E-4984-80FC-2065B8411598}.Release|Any CPU.ActiveCfg = Release|Any CPU
		{E7D4133E-6D1E-4984-80FC-2065B8411598}.Release|Any CPU.Build.0 = Release|Any CPU
		{E7D4133E-6D1E-4984-80FC-2065B8411598}.Release|x64.ActiveCfg = Release|Any CPU
		{E7D4133E-6D1E-4984-80FC-2065B8411598}.Release|x64.Build.0 = Release|Any CPU
		{E7D4133E-6D1E-4984-80FC-2065B8411598}.Release|x86.ActiveCfg = Release|Any CPU
		{E7D4133E-6D1E-4984-80FC-2065B8411598}.Release|x86.Build.0 = Release|Any CPU
		{3CC315CD-3F3B-4E22-A48F-4DF3CDB0F2D9}.Debug|Any CPU.ActiveCfg = Debug|Any CPU
		{3CC315CD-3F3B-4E22-A48F-4DF3CDB0F2D9}.Debug|Any CPU.Build.0 = Debug|Any CPU
		{3CC315CD-3F3B-4E22-A48F-4DF3CDB0F2D9}.Debug|x64.ActiveCfg = Debug|Any CPU
		{3CC315CD-3F3B-4E22-A48F-4DF3CDB0F2D9}.Debug|x64.Build.0 = Debug|Any CPU
		{3CC315CD-3F3B-4E22-A48F-4DF3CDB0F2D9}.Debug|x86.ActiveCfg = Debug|Any CPU
		{3CC315CD-3F3B-4E22-A48F-4DF3CDB0F2D9}.Debug|x86.Build.0 = Debug|Any CPU
		{3CC315CD-3F3B-4E22-A48F-4DF3CDB0F2D9}.Release|Any CPU.ActiveCfg = Release|Any CPU
		{3CC315CD-3F3B-4E22-A48F-4DF3CDB0F2D9}.Release|Any CPU.Build.0 = Release|Any CPU
		{3CC315CD-3F3B-4E22-A48F-4DF3CDB0F2D9}.Release|x64.ActiveCfg = Release|Any CPU
		{3CC315CD-3F3B-4E22-A48F-4DF3CDB0F2D9}.Release|x64.Build.0 = Release|Any CPU
		{3CC315CD-3F3B-4E22-A48F-4DF3CDB0F2D9}.Release|x86.ActiveCfg = Release|Any CPU
		{3CC315CD-3F3B-4E22-A48F-4DF3CDB0F2D9}.Release|x86.Build.0 = Release|Any CPU
		{E34683A7-E055-4B05-B4E4-E7A76B038F73}.Debug|Any CPU.ActiveCfg = Debug|Any CPU
		{E34683A7-E055-4B05-B4E4-E7A76B038F73}.Debug|Any CPU.Build.0 = Debug|Any CPU
		{E34683A7-E055-4B05-B4E4-E7A76B038F73}.Debug|x64.ActiveCfg = Debug|Any CPU
		{E34683A7-E055-4B05-B4E4-E7A76B038F73}.Debug|x64.Build.0 = Debug|Any CPU
		{E34683A7-E055-4B05-B4E4-E7A76B038F73}.Debug|x86.ActiveCfg = Debug|Any CPU
		{E34683A7-E055-4B05-B4E4-E7A76B038F73}.Debug|x86.Build.0 = Debug|Any CPU
		{E34683A7-E055-4B05-B4E4-E7A76B038F73}.Release|Any CPU.ActiveCfg = Release|Any CPU
		{E34683A7-E055-4B05-B4E4-E7A76B038F73}.Release|Any CPU.Build.0 = Release|Any CPU
		{E34683A7-E055-4B05-B4E4-E7A76B038F73}.Release|x64.ActiveCfg = Release|Any CPU
		{E34683A7-E055-4B05-B4E4-E7A76B038F73}.Release|x64.Build.0 = Release|Any CPU
		{E34683A7-E055-4B05-B4E4-E7A76B038F73}.Release|x86.ActiveCfg = Release|Any CPU
		{E34683A7-E055-4B05-B4E4-E7A76B038F73}.Release|x86.Build.0 = Release|Any CPU
		{400D9C22-00F5-4E2A-B643-FE462E8D4EEC}.Debug|Any CPU.ActiveCfg = Debug|Any CPU
		{400D9C22-00F5-4E2A-B643-FE462E8D4EEC}.Debug|Any CPU.Build.0 = Debug|Any CPU
		{400D9C22-00F5-4E2A-B643-FE462E8D4EEC}.Debug|x64.ActiveCfg = Debug|Any CPU
		{400D9C22-00F5-4E2A-B643-FE462E8D4EEC}.Debug|x64.Build.0 = Debug|Any CPU
		{400D9C22-00F5-4E2A-B643-FE462E8D4EEC}.Debug|x86.ActiveCfg = Debug|Any CPU
		{400D9C22-00F5-4E2A-B643-FE462E8D4EEC}.Debug|x86.Build.0 = Debug|Any CPU
		{400D9C22-00F5-4E2A-B643-FE462E8D4EEC}.Release|Any CPU.ActiveCfg = Release|Any CPU
		{400D9C22-00F5-4E2A-B643-FE462E8D4EEC}.Release|Any CPU.Build.0 = Release|Any CPU
		{400D9C22-00F5-4E2A-B643-FE462E8D4EEC}.Release|x64.ActiveCfg = Release|Any CPU
		{400D9C22-00F5-4E2A-B643-FE462E8D4EEC}.Release|x64.Build.0 = Release|Any CPU
		{400D9C22-00F5-4E2A-B643-FE462E8D4EEC}.Release|x86.ActiveCfg = Release|Any CPU
		{400D9C22-00F5-4E2A-B643-FE462E8D4EEC}.Release|x86.Build.0 = Release|Any CPU
		{86E2AA77-878B-415F-808A-D6603A93383D}.Debug|Any CPU.ActiveCfg = Debug|Any CPU
		{86E2AA77-878B-415F-808A-D6603A93383D}.Debug|Any CPU.Build.0 = Debug|Any CPU
		{86E2AA77-878B-415F-808A-D6603A93383D}.Debug|x64.ActiveCfg = Debug|Any CPU
		{86E2AA77-878B-415F-808A-D6603A93383D}.Debug|x64.Build.0 = Debug|Any CPU
		{86E2AA77-878B-415F-808A-D6603A93383D}.Debug|x86.ActiveCfg = Debug|Any CPU
		{86E2AA77-878B-415F-808A-D6603A93383D}.Debug|x86.Build.0 = Debug|Any CPU
		{86E2AA77-878B-415F-808A-D6603A93383D}.Release|Any CPU.ActiveCfg = Release|Any CPU
		{86E2AA77-878B-415F-808A-D6603A93383D}.Release|Any CPU.Build.0 = Release|Any CPU
		{86E2AA77-878B-415F-808A-D6603A93383D}.Release|x64.ActiveCfg = Release|Any CPU
		{86E2AA77-878B-415F-808A-D6603A93383D}.Release|x64.Build.0 = Release|Any CPU
		{86E2AA77-878B-415F-808A-D6603A93383D}.Release|x86.ActiveCfg = Release|Any CPU
		{86E2AA77-878B-415F-808A-D6603A93383D}.Release|x86.Build.0 = Release|Any CPU
		{B3554B21-4AD6-4FAB-A818-553DF7161825}.Debug|Any CPU.ActiveCfg = Debug|Any CPU
		{B3554B21-4AD6-4FAB-A818-553DF7161825}.Debug|Any CPU.Build.0 = Debug|Any CPU
		{B3554B21-4AD6-4FAB-A818-553DF7161825}.Debug|x64.ActiveCfg = Debug|Any CPU
		{B3554B21-4AD6-4FAB-A818-553DF7161825}.Debug|x64.Build.0 = Debug|Any CPU
		{B3554B21-4AD6-4FAB-A818-553DF7161825}.Debug|x86.ActiveCfg = Debug|Any CPU
		{B3554B21-4AD6-4FAB-A818-553DF7161825}.Debug|x86.Build.0 = Debug|Any CPU
		{B3554B21-4AD6-4FAB-A818-553DF7161825}.Release|Any CPU.ActiveCfg = Release|Any CPU
		{B3554B21-4AD6-4FAB-A818-553DF7161825}.Release|Any CPU.Build.0 = Release|Any CPU
		{B3554B21-4AD6-4FAB-A818-553DF7161825}.Release|x64.ActiveCfg = Release|Any CPU
		{B3554B21-4AD6-4FAB-A818-553DF7161825}.Release|x64.Build.0 = Release|Any CPU
		{B3554B21-4AD6-4FAB-A818-553DF7161825}.Release|x86.ActiveCfg = Release|Any CPU
		{B3554B21-4AD6-4FAB-A818-553DF7161825}.Release|x86.Build.0 = Release|Any CPU
	EndGlobalSection
EndGlobal
